// !$*UTF8*$!
{
	archiveVersion = 1;
	classes = {
	};
	objectVersion = 50;
	objects = {

/* Begin PBXBuildFile section */
		8F01C3A021E4EB7500839E99 /* AppDelegate.swift in Sources */ = {isa = PBXBuildFile; fileRef = 8F01C39F21E4EB7500839E99 /* AppDelegate.swift */; };
		8F01C3A221E4EB7500839E99 /* ViewController.swift in Sources */ = {isa = PBXBuildFile; fileRef = 8F01C3A121E4EB7500839E99 /* ViewController.swift */; };
		8F01C3A521E4EB7500839E99 /* Main.storyboard in Resources */ = {isa = PBXBuildFile; fileRef = 8F01C3A321E4EB7500839E99 /* Main.storyboard */; };
		8F01C3A721E4EB7800839E99 /* Assets.xcassets in Resources */ = {isa = PBXBuildFile; fileRef = 8F01C3A621E4EB7800839E99 /* Assets.xcassets */; };
		8F01C3AA21E4EB7800839E99 /* LaunchScreen.storyboard in Resources */ = {isa = PBXBuildFile; fileRef = 8F01C3A821E4EB7800839E99 /* LaunchScreen.storyboard */; };
		8F2B906121F76D060082C870 /* rabbit.mp3 in Resources */ = {isa = PBXBuildFile; fileRef = 8F2B905521F76D050082C870 /* rabbit.mp3 */; };
		8F2B906221F76D060082C870 /* horse.mp3 in Resources */ = {isa = PBXBuildFile; fileRef = 8F2B905621F76D050082C870 /* horse.mp3 */; };
		8F2B906321F76D060082C870 /* goat.mp3 in Resources */ = {isa = PBXBuildFile; fileRef = 8F2B905721F76D050082C870 /* goat.mp3 */; };
		8F2B906421F76D060082C870 /* dragon.mp3 in Resources */ = {isa = PBXBuildFile; fileRef = 8F2B905821F76D050082C870 /* dragon.mp3 */; };
		8F2B906521F76D060082C870 /* dog.mp3 in Resources */ = {isa = PBXBuildFile; fileRef = 8F2B905921F76D050082C870 /* dog.mp3 */; };
		8F2B906621F76D060082C870 /* pig.mp3 in Resources */ = {isa = PBXBuildFile; fileRef = 8F2B905A21F76D050082C870 /* pig.mp3 */; };
		8F2B906721F76D060082C870 /* tiger.mp3 in Resources */ = {isa = PBXBuildFile; fileRef = 8F2B905B21F76D050082C870 /* tiger.mp3 */; };
		8F2B906821F76D060082C870 /* monkey.mp3 in Resources */ = {isa = PBXBuildFile; fileRef = 8F2B905C21F76D050082C870 /* monkey.mp3 */; };
		8F2B906921F76D060082C870 /* rat.mp3 in Resources */ = {isa = PBXBuildFile; fileRef = 8F2B905D21F76D060082C870 /* rat.mp3 */; };
		8F2B906A21F76D060082C870 /* snake.mp3 in Resources */ = {isa = PBXBuildFile; fileRef = 8F2B905E21F76D060082C870 /* snake.mp3 */; };
		8F2B906B21F76D060082C870 /* cock.mp3 in Resources */ = {isa = PBXBuildFile; fileRef = 8F2B905F21F76D060082C870 /* cock.mp3 */; };
		8F2B906C21F76D060082C870 /* bull.mp3 in Resources */ = {isa = PBXBuildFile; fileRef = 8F2B906021F76D060082C870 /* bull.mp3 */; };
		8F3BDB4621EB4FE8004A773A /* MainLogicClass.swift in Sources */ = {isa = PBXBuildFile; fileRef = 8F3BDB4521EB4FE8004A773A /* MainLogicClass.swift */; };
		8F9810BF21EE90AC00DAA5BD /* LanguagesInDictionary.swift in Sources */ = {isa = PBXBuildFile; fileRef = 8F9810BE21EE90AC00DAA5BD /* LanguagesInDictionary.swift */; };
/* End PBXBuildFile section */

/* Begin PBXFileReference section */
		8F01C39C21E4EB7500839E99 /* Years.app */ = {isa = PBXFileReference; explicitFileType = wrapper.application; includeInIndex = 0; path = Years.app; sourceTree = BUILT_PRODUCTS_DIR; };
		8F01C39F21E4EB7500839E99 /* AppDelegate.swift */ = {isa = PBXFileReference; lastKnownFileType = sourcecode.swift; path = AppDelegate.swift; sourceTree = "<group>"; };
		8F01C3A121E4EB7500839E99 /* ViewController.swift */ = {isa = PBXFileReference; lastKnownFileType = sourcecode.swift; path = ViewController.swift; sourceTree = "<group>"; };
		8F01C3A421E4EB7500839E99 /* Base */ = {isa = PBXFileReference; lastKnownFileType = file.storyboard; name = Base; path = Base.lproj/Main.storyboard; sourceTree = "<group>"; };
		8F01C3A621E4EB7800839E99 /* Assets.xcassets */ = {isa = PBXFileReference; lastKnownFileType = folder.assetcatalog; path = Assets.xcassets; sourceTree = "<group>"; };
		8F01C3A921E4EB7800839E99 /* Base */ = {isa = PBXFileReference; lastKnownFileType = file.storyboard; name = Base; path = Base.lproj/LaunchScreen.storyboard; sourceTree = "<group>"; };
		8F01C3AB21E4EB7800839E99 /* Info.plist */ = {isa = PBXFileReference; lastKnownFileType = text.plist.xml; path = Info.plist; sourceTree = "<group>"; };
		8F2B905521F76D050082C870 /* rabbit.mp3 */ = {isa = PBXFileReference; lastKnownFileType = audio.mp3; path = rabbit.mp3; sourceTree = "<group>"; };
		8F2B905621F76D050082C870 /* horse.mp3 */ = {isa = PBXFileReference; lastKnownFileType = audio.mp3; path = horse.mp3; sourceTree = "<group>"; };
		8F2B905721F76D050082C870 /* goat.mp3 */ = {isa = PBXFileReference; lastKnownFileType = audio.mp3; path = goat.mp3; sourceTree = "<group>"; };
		8F2B905821F76D050082C870 /* dragon.mp3 */ = {isa = PBXFileReference; lastKnownFileType = audio.mp3; path = dragon.mp3; sourceTree = "<group>"; };
		8F2B905921F76D050082C870 /* dog.mp3 */ = {isa = PBXFileReference; lastKnownFileType = audio.mp3; path = dog.mp3; sourceTree = "<group>"; };
		8F2B905A21F76D050082C870 /* pig.mp3 */ = {isa = PBXFileReference; lastKnownFileType = audio.mp3; path = pig.mp3; sourceTree = "<group>"; };
		8F2B905B21F76D050082C870 /* tiger.mp3 */ = {isa = PBXFileReference; lastKnownFileType = audio.mp3; path = tiger.mp3; sourceTree = "<group>"; };
		8F2B905C21F76D050082C870 /* monkey.mp3 */ = {isa = PBXFileReference; lastKnownFileType = audio.mp3; path = monkey.mp3; sourceTree = "<group>"; };
		8F2B905D21F76D060082C870 /* rat.mp3 */ = {isa = PBXFileReference; lastKnownFileType = audio.mp3; path = rat.mp3; sourceTree = "<group>"; };
		8F2B905E21F76D060082C870 /* snake.mp3 */ = {isa = PBXFileReference; lastKnownFileType = audio.mp3; path = snake.mp3; sourceTree = "<group>"; };
		8F2B905F21F76D060082C870 /* cock.mp3 */ = {isa = PBXFileReference; lastKnownFileType = audio.mp3; path = cock.mp3; sourceTree = "<group>"; };
		8F2B906021F76D060082C870 /* bull.mp3 */ = {isa = PBXFileReference; lastKnownFileType = audio.mp3; path = bull.mp3; sourceTree = "<group>"; };
		8F3BDB4521EB4FE8004A773A /* MainLogicClass.swift */ = {isa = PBXFileReference; lastKnownFileType = sourcecode.swift; path = MainLogicClass.swift; sourceTree = "<group>"; };
		8F9810BE21EE90AC00DAA5BD /* LanguagesInDictionary.swift */ = {isa = PBXFileReference; lastKnownFileType = sourcecode.swift; path = LanguagesInDictionary.swift; sourceTree = "<group>"; };
/* End PBXFileReference section */

/* Begin PBXFrameworksBuildPhase section */
		8F01C39921E4EB7500839E99 /* Frameworks */ = {
			isa = PBXFrameworksBuildPhase;
			buildActionMask = 2147483647;
			files = (
			);
			runOnlyForDeploymentPostprocessing = 0;
		};
/* End PBXFrameworksBuildPhase section */

/* Begin PBXGroup section */
		8F01C39321E4EB7500839E99 = {
			isa = PBXGroup;
			children = (
				8F01C39E21E4EB7500839E99 /* Years */,
				8F01C39D21E4EB7500839E99 /* Products */,
			);
			sourceTree = "<group>";
		};
		8F01C39D21E4EB7500839E99 /* Products */ = {
			isa = PBXGroup;
			children = (
				8F01C39C21E4EB7500839E99 /* Years.app */,
			);
			name = Products;
			sourceTree = "<group>";
		};
		8F01C39E21E4EB7500839E99 /* Years */ = {
			isa = PBXGroup;
			children = (
				8FB90DCA21E7923500BA674D /* AnimalSound */,
				8F01C39F21E4EB7500839E99 /* AppDelegate.swift */,
				8F01C3A121E4EB7500839E99 /* ViewController.swift */,
				8F3BDB4521EB4FE8004A773A /* MainLogicClass.swift */,
				8F9810BE21EE90AC00DAA5BD /* LanguagesInDictionary.swift */,
				8F01C3A321E4EB7500839E99 /* Main.storyboard */,
				8F01C3A621E4EB7800839E99 /* Assets.xcassets */,
				8F01C3A821E4EB7800839E99 /* LaunchScreen.storyboard */,
				8F01C3AB21E4EB7800839E99 /* Info.plist */,
			);
			path = Years;
			sourceTree = "<group>";
		};
		8FB90DCA21E7923500BA674D /* AnimalSound */ = {
			isa = PBXGroup;
			children = (
				8F2B906021F76D060082C870 /* bull.mp3 */,
				8F2B905F21F76D060082C870 /* cock.mp3 */,
				8F2B905921F76D050082C870 /* dog.mp3 */,
				8F2B905821F76D050082C870 /* dragon.mp3 */,
				8F2B905721F76D050082C870 /* goat.mp3 */,
				8F2B905621F76D050082C870 /* horse.mp3 */,
				8F2B905C21F76D050082C870 /* monkey.mp3 */,
				8F2B905A21F76D050082C870 /* pig.mp3 */,
				8F2B905521F76D050082C870 /* rabbit.mp3 */,
				8F2B905D21F76D060082C870 /* rat.mp3 */,
				8F2B905E21F76D060082C870 /* snake.mp3 */,
				8F2B905B21F76D050082C870 /* tiger.mp3 */,
			);
			path = AnimalSound;
			sourceTree = "<group>";
		};
/* End PBXGroup section */

/* Begin PBXNativeTarget section */
		8F01C39B21E4EB7500839E99 /* Years */ = {
			isa = PBXNativeTarget;
			buildConfigurationList = 8F01C3AE21E4EB7800839E99 /* Build configuration list for PBXNativeTarget "Years" */;
			buildPhases = (
				8F01C39821E4EB7500839E99 /* Sources */,
				8F01C39921E4EB7500839E99 /* Frameworks */,
				8F01C39A21E4EB7500839E99 /* Resources */,
			);
			buildRules = (
			);
			dependencies = (
			);
			name = Years;
			productName = Years;
			productReference = 8F01C39C21E4EB7500839E99 /* Years.app */;
			productType = "com.apple.product-type.application";
		};
/* End PBXNativeTarget section */

/* Begin PBXProject section */
		8F01C39421E4EB7500839E99 /* Project object */ = {
			isa = PBXProject;
			attributes = {
				LastSwiftUpdateCheck = 1010;
				LastUpgradeCheck = 1010;
				ORGANIZATIONNAME = "Илья и Аня";
				TargetAttributes = {
					8F01C39B21E4EB7500839E99 = {
						CreatedOnToolsVersion = 10.1;
					};
				};
			};
			buildConfigurationList = 8F01C39721E4EB7500839E99 /* Build configuration list for PBXProject "Years" */;
			compatibilityVersion = "Xcode 9.3";
			developmentRegion = en;
			hasScannedForEncodings = 0;
			knownRegions = (
				en,
				Base,
			);
			mainGroup = 8F01C39321E4EB7500839E99;
			productRefGroup = 8F01C39D21E4EB7500839E99 /* Products */;
			projectDirPath = "";
			projectRoot = "";
			targets = (
				8F01C39B21E4EB7500839E99 /* Years */,
			);
		};
/* End PBXProject section */

/* Begin PBXResourcesBuildPhase section */
		8F01C39A21E4EB7500839E99 /* Resources */ = {
			isa = PBXResourcesBuildPhase;
			buildActionMask = 2147483647;
			files = (
				8F2B906921F76D060082C870 /* rat.mp3 in Resources */,
				8F2B906121F76D060082C870 /* rabbit.mp3 in Resources */,
				8F2B906A21F76D060082C870 /* snake.mp3 in Resources */,
				8F01C3AA21E4EB7800839E99 /* LaunchScreen.storyboard in Resources */,
				8F2B906221F76D060082C870 /* horse.mp3 in Resources */,
				8F2B906621F76D060082C870 /* pig.mp3 in Resources */,
				8F2B906821F76D060082C870 /* monkey.mp3 in Resources */,
				8F01C3A721E4EB7800839E99 /* Assets.xcassets in Resources */,
				8F2B906421F76D060082C870 /* dragon.mp3 in Resources */,
				8F01C3A521E4EB7500839E99 /* Main.storyboard in Resources */,
				8F2B906B21F76D060082C870 /* cock.mp3 in Resources */,
				8F2B906C21F76D060082C870 /* bull.mp3 in Resources */,
				8F2B906321F76D060082C870 /* goat.mp3 in Resources */,
				8F2B906721F76D060082C870 /* tiger.mp3 in Resources */,
				8F2B906521F76D060082C870 /* dog.mp3 in Resources */,
			);
			runOnlyForDeploymentPostprocessing = 0;
		};
/* End PBXResourcesBuildPhase section */

/* Begin PBXSourcesBuildPhase section */
		8F01C39821E4EB7500839E99 /* Sources */ = {
			isa = PBXSourcesBuildPhase;
			buildActionMask = 2147483647;
			files = (
				8F3BDB4621EB4FE8004A773A /* MainLogicClass.swift in Sources */,
				8F9810BF21EE90AC00DAA5BD /* LanguagesInDictionary.swift in Sources */,
				8F01C3A221E4EB7500839E99 /* ViewController.swift in Sources */,
				8F01C3A021E4EB7500839E99 /* AppDelegate.swift in Sources */,
			);
			runOnlyForDeploymentPostprocessing = 0;
		};
/* End PBXSourcesBuildPhase section */

/* Begin PBXVariantGroup section */
		8F01C3A321E4EB7500839E99 /* Main.storyboard */ = {
			isa = PBXVariantGroup;
			children = (
				8F01C3A421E4EB7500839E99 /* Base */,
			);
			name = Main.storyboard;
			sourceTree = "<group>";
		};
		8F01C3A821E4EB7800839E99 /* LaunchScreen.storyboard */ = {
			isa = PBXVariantGroup;
			children = (
				8F01C3A921E4EB7800839E99 /* Base */,
			);
			name = LaunchScreen.storyboard;
			sourceTree = "<group>";
		};
/* End PBXVariantGroup section */

/* Begin XCBuildConfiguration section */
		8F01C3AC21E4EB7800839E99 /* Debug */ = {
			isa = XCBuildConfiguration;
			buildSettings = {
				ALWAYS_SEARCH_USER_PATHS = NO;
				CLANG_ANALYZER_NONNULL = YES;
				CLANG_ANALYZER_NUMBER_OBJECT_CONVERSION = YES_AGGRESSIVE;
				CLANG_CXX_LANGUAGE_STANDARD = "gnu++14";
				CLANG_CXX_LIBRARY = "libc++";
				CLANG_ENABLE_MODULES = YES;
				CLANG_ENABLE_OBJC_ARC = YES;
				CLANG_ENABLE_OBJC_WEAK = YES;
				CLANG_WARN_BLOCK_CAPTURE_AUTORELEASING = YES;
				CLANG_WARN_BOOL_CONVERSION = YES;
				CLANG_WARN_COMMA = YES;
				CLANG_WARN_CONSTANT_CONVERSION = YES;
				CLANG_WARN_DEPRECATED_OBJC_IMPLEMENTATIONS = YES;
				CLANG_WARN_DIRECT_OBJC_ISA_USAGE = YES_ERROR;
				CLANG_WARN_DOCUMENTATION_COMMENTS = YES;
				CLANG_WARN_EMPTY_BODY = YES;
				CLANG_WARN_ENUM_CONVERSION = YES;
				CLANG_WARN_INFINITE_RECURSION = YES;
				CLANG_WARN_INT_CONVERSION = YES;
				CLANG_WARN_NON_LITERAL_NULL_CONVERSION = YES;
				CLANG_WARN_OBJC_IMPLICIT_RETAIN_SELF = YES;
				CLANG_WARN_OBJC_LITERAL_CONVERSION = YES;
				CLANG_WARN_OBJC_ROOT_CLASS = YES_ERROR;
				CLANG_WARN_RANGE_LOOP_ANALYSIS = YES;
				CLANG_WARN_STRICT_PROTOTYPES = YES;
				CLANG_WARN_SUSPICIOUS_MOVE = YES;
				CLANG_WARN_UNGUARDED_AVAILABILITY = YES_AGGRESSIVE;
				CLANG_WARN_UNREACHABLE_CODE = YES;
				CLANG_WARN__DUPLICATE_METHOD_MATCH = YES;
				CODE_SIGN_IDENTITY = "iPhone Developer";
				COPY_PHASE_STRIP = NO;
				DEBUG_INFORMATION_FORMAT = dwarf;
				ENABLE_STRICT_OBJC_MSGSEND = YES;
				ENABLE_TESTABILITY = YES;
				GCC_C_LANGUAGE_STANDARD = gnu11;
				GCC_DYNAMIC_NO_PIC = NO;
				GCC_NO_COMMON_BLOCKS = YES;
				GCC_OPTIMIZATION_LEVEL = 0;
				GCC_PREPROCESSOR_DEFINITIONS = (
					"DEBUG=1",
					"$(inherited)",
				);
				GCC_WARN_64_TO_32_BIT_CONVERSION = YES;
				GCC_WARN_ABOUT_RETURN_TYPE = YES_ERROR;
				GCC_WARN_UNDECLARED_SELECTOR = YES;
				GCC_WARN_UNINITIALIZED_AUTOS = YES_AGGRESSIVE;
				GCC_WARN_UNUSED_FUNCTION = YES;
				GCC_WARN_UNUSED_VARIABLE = YES;
				IPHONEOS_DEPLOYMENT_TARGET = 12.1;
				MTL_ENABLE_DEBUG_INFO = INCLUDE_SOURCE;
				MTL_FAST_MATH = YES;
				ONLY_ACTIVE_ARCH = YES;
				SDKROOT = iphoneos;
				SWIFT_ACTIVE_COMPILATION_CONDITIONS = DEBUG;
				SWIFT_OPTIMIZATION_LEVEL = "-Onone";
			};
			name = Debug;
		};
		8F01C3AD21E4EB7800839E99 /* Release */ = {
			isa = XCBuildConfiguration;
			buildSettings = {
				ALWAYS_SEARCH_USER_PATHS = NO;
				CLANG_ANALYZER_NONNULL = YES;
				CLANG_ANALYZER_NUMBER_OBJECT_CONVERSION = YES_AGGRESSIVE;
				CLANG_CXX_LANGUAGE_STANDARD = "gnu++14";
				CLANG_CXX_LIBRARY = "libc++";
				CLANG_ENABLE_MODULES = YES;
				CLANG_ENABLE_OBJC_ARC = YES;
				CLANG_ENABLE_OBJC_WEAK = YES;
				CLANG_WARN_BLOCK_CAPTURE_AUTORELEASING = YES;
				CLANG_WARN_BOOL_CONVERSION = YES;
				CLANG_WARN_COMMA = YES;
				CLANG_WARN_CONSTANT_CONVERSION = YES;
				CLANG_WARN_DEPRECATED_OBJC_IMPLEMENTATIONS = YES;
				CLANG_WARN_DIRECT_OBJC_ISA_USAGE = YES_ERROR;
				CLANG_WARN_DOCUMENTATION_COMMENTS = YES;
				CLANG_WARN_EMPTY_BODY = YES;
				CLANG_WARN_ENUM_CONVERSION = YES;
				CLANG_WARN_INFINITE_RECURSION = YES;
				CLANG_WARN_INT_CONVERSION = YES;
				CLANG_WARN_NON_LITERAL_NULL_CONVERSION = YES;
				CLANG_WARN_OBJC_IMPLICIT_RETAIN_SELF = YES;
				CLANG_WARN_OBJC_LITERAL_CONVERSION = YES;
				CLANG_WARN_OBJC_ROOT_CLASS = YES_ERROR;
				CLANG_WARN_RANGE_LOOP_ANALYSIS = YES;
				CLANG_WARN_STRICT_PROTOTYPES = YES;
				CLANG_WARN_SUSPICIOUS_MOVE = YES;
				CLANG_WARN_UNGUARDED_AVAILABILITY = YES_AGGRESSIVE;
				CLANG_WARN_UNREACHABLE_CODE = YES;
				CLANG_WARN__DUPLICATE_METHOD_MATCH = YES;
				CODE_SIGN_IDENTITY = "iPhone Developer";
				COPY_PHASE_STRIP = NO;
				DEBUG_INFORMATION_FORMAT = "dwarf-with-dsym";
				ENABLE_NS_ASSERTIONS = NO;
				ENABLE_STRICT_OBJC_MSGSEND = YES;
				GCC_C_LANGUAGE_STANDARD = gnu11;
				GCC_NO_COMMON_BLOCKS = YES;
				GCC_WARN_64_TO_32_BIT_CONVERSION = YES;
				GCC_WARN_ABOUT_RETURN_TYPE = YES_ERROR;
				GCC_WARN_UNDECLARED_SELECTOR = YES;
				GCC_WARN_UNINITIALIZED_AUTOS = YES_AGGRESSIVE;
				GCC_WARN_UNUSED_FUNCTION = YES;
				GCC_WARN_UNUSED_VARIABLE = YES;
				IPHONEOS_DEPLOYMENT_TARGET = 12.1;
				MTL_ENABLE_DEBUG_INFO = NO;
				MTL_FAST_MATH = YES;
				SDKROOT = iphoneos;
				SWIFT_COMPILATION_MODE = wholemodule;
				SWIFT_OPTIMIZATION_LEVEL = "-O";
				VALIDATE_PRODUCT = YES;
			};
			name = Release;
		};
		8F01C3AF21E4EB7800839E99 /* Debug */ = {
			isa = XCBuildConfiguration;
			buildSettings = {
				ASSETCATALOG_COMPILER_APPICON_NAME = AppIcon;
				CODE_SIGN_IDENTITY = "iPhone Developer";
				CODE_SIGN_STYLE = Automatic;
				DEVELOPMENT_TEAM = R7NQ75W8Y6;
				INFOPLIST_FILE = Years/Info.plist;
				IPHONEOS_DEPLOYMENT_TARGET = 12.1;
				LD_RUNPATH_SEARCH_PATHS = (
					"$(inherited)",
					"@executable_path/Frameworks",
				);
				PRODUCT_BUNDLE_IDENTIFIER = ill.Years;
				PRODUCT_NAME = "$(TARGET_NAME)";
				PROVISIONING_PROFILE_SPECIFIER = "";
				SWIFT_VERSION = 4.2;
				TARGETED_DEVICE_FAMILY = 1;
			};
			name = Debug;
		};
		8F01C3B021E4EB7800839E99 /* Release */ = {
			isa = XCBuildConfiguration;
			buildSettings = {
				ASSETCATALOG_COMPILER_APPICON_NAME = AppIcon;
				CODE_SIGN_IDENTITY = "iPhone Developer";
				CODE_SIGN_STYLE = Automatic;
				DEVELOPMENT_TEAM = R7NQ75W8Y6;
				INFOPLIST_FILE = Years/Info.plist;
				IPHONEOS_DEPLOYMENT_TARGET = 12.1;
				LD_RUNPATH_SEARCH_PATHS = (
					"$(inherited)",
					"@executable_path/Frameworks",
				);
				PRODUCT_BUNDLE_IDENTIFIER = ill.Years;
				PRODUCT_NAME = "$(TARGET_NAME)";
				PROVISIONING_PROFILE_SPECIFIER = "";
				SWIFT_VERSION = 4.2;
				TARGETED_DEVICE_FAMILY = 1;
			};
			name = Release;
		};
/* End XCBuildConfiguration section */

/* Begin XCConfigurationList section */
		8F01C39721E4EB7500839E99 /* Build configuration list for PBXProject "Years" */ = {
			isa = XCConfigurationList;
			buildConfigurations = (
				8F01C3AC21E4EB7800839E99 /* Debug */,
				8F01C3AD21E4EB7800839E99 /* Release */,
			);
			defaultConfigurationIsVisible = 0;
			defaultConfigurationName = Release;
		};
		8F01C3AE21E4EB7800839E99 /* Build configuration list for PBXNativeTarget "Years" */ = {
			isa = XCConfigurationList;
			buildConfigurations = (
				8F01C3AF21E4EB7800839E99 /* Debug */,
				8F01C3B021E4EB7800839E99 /* Release */,
			);
			defaultConfigurationIsVisible = 0;
			defaultConfigurationName = Release;
		};
/* End XCConfigurationList section */
	};
	rootObject = 8F01C39421E4EB7500839E99 /* Project object */;
}
